// !$*UTF8*$!
{
	archiveVersion = 1;
	classes = {
	};
	objectVersion = 51;
	objects = {

/* Begin PBXBuildFile section */
		8AAA6A56D645479E8BE32460 /* libPods-TersApp.a in Frameworks */ = {isa = PBXBuildFile; fileRef = 966238F1ED3EA3070F05E783 /* libPods-TersApp.a */; };
		FA1CD2C926A8673000F1A618 /* SectionEurekaViewController.xib in Resources */ = {isa = PBXBuildFile; fileRef = FA1CD2C726A8672F00F1A618 /* SectionEurekaViewController.xib */; };
		FA1CD2CD26A9867C00F1A618 /* AddNewUserFormRequest.swift in Sources */ = {isa = PBXBuildFile; fileRef = FA1CD2CC26A9867B00F1A618 /* AddNewUserFormRequest.swift */; };
		FA2C15D5269692BB000A65BA /* DocumentsCollectionViewCell.swift in Sources */ = {isa = PBXBuildFile; fileRef = FA2C15D3269692BB000A65BA /* DocumentsCollectionViewCell.swift */; };
		FA2C15D6269692BB000A65BA /* DocumentsCollectionViewCell.xib in Resources */ = {isa = PBXBuildFile; fileRef = FA2C15D4269692BB000A65BA /* DocumentsCollectionViewCell.xib */; };
		FA2C15D926979D55000A65BA /* ContractCollectionViewCell.swift in Sources */ = {isa = PBXBuildFile; fileRef = FA2C15D726979D55000A65BA /* ContractCollectionViewCell.swift */; };
		FA2C15DA26979D55000A65BA /* ContractCollectionViewCell.xib in Resources */ = {isa = PBXBuildFile; fileRef = FA2C15D826979D55000A65BA /* ContractCollectionViewCell.xib */; };
		FA3CCF42268D2B0B00FEA92E /* MenuView.xib in Resources */ = {isa = PBXBuildFile; fileRef = FA3CCF41268D2B0B00FEA92E /* MenuView.xib */; };
		FA3CCF4C268D34D600FEA92E /* MenuView.swift in Sources */ = {isa = PBXBuildFile; fileRef = FA3CCF4B268D34D600FEA92E /* MenuView.swift */; };
		FA3CCF51268E695A00FEA92E /* SearchHeaderView.swift in Sources */ = {isa = PBXBuildFile; fileRef = FA3CCF4F268E695A00FEA92E /* SearchHeaderView.swift */; };
		FA3CCF52268E695A00FEA92E /* SearchHeaderView.xib in Resources */ = {isa = PBXBuildFile; fileRef = FA3CCF50268E695A00FEA92E /* SearchHeaderView.xib */; };
		FA4DB9BA266C345C00651A92 /* Fizicka lica 3x.png in Resources */ = {isa = PBXBuildFile; fileRef = FA4DB9B4266C345C00651A92 /* Fizicka lica 3x.png */; };
		FA4DB9BB266C345C00651A92 /* Fizicka lica 2x.png in Resources */ = {isa = PBXBuildFile; fileRef = FA4DB9B5266C345C00651A92 /* Fizicka lica 2x.png */; };
		FA4DB9BC266C345C00651A92 /* Kompanije 1x.png in Resources */ = {isa = PBXBuildFile; fileRef = FA4DB9B6266C345C00651A92 /* Kompanije 1x.png */; };
		FA4DB9BD266C345C00651A92 /* Kompanije 2x.png in Resources */ = {isa = PBXBuildFile; fileRef = FA4DB9B7266C345C00651A92 /* Kompanije 2x.png */; };
		FA4DB9BE266C345C00651A92 /* Fizicka lica 1x.png in Resources */ = {isa = PBXBuildFile; fileRef = FA4DB9B8266C345C00651A92 /* Fizicka lica 1x.png */; };
		FA4DB9BF266C345C00651A92 /* Kompanije 3x.png in Resources */ = {isa = PBXBuildFile; fileRef = FA4DB9B9266C345C00651A92 /* Kompanije 3x.png */; };
		FA4DB9CF266C565A00651A92 /* NonCompanyUserViewController.swift in Sources */ = {isa = PBXBuildFile; fileRef = FA4DB9CE266C565A00651A92 /* NonCompanyUserViewController.swift */; };
		FA4DB9D3267075AC00651A92 /* MainNavigationViewController.swift in Sources */ = {isa = PBXBuildFile; fileRef = FA4DB9D2267075AC00651A92 /* MainNavigationViewController.swift */; };
		FA4DB9D62670780800651A92 /* UserCollectionViewCell.swift in Sources */ = {isa = PBXBuildFile; fileRef = FA4DB9D42670780800651A92 /* UserCollectionViewCell.swift */; };
		FA4DB9D72670780800651A92 /* UserCollectionViewCell.xib in Resources */ = {isa = PBXBuildFile; fileRef = FA4DB9D52670780800651A92 /* UserCollectionViewCell.xib */; };
		FA64D07D2662DA110019771D /* AppDelegate.swift in Sources */ = {isa = PBXBuildFile; fileRef = FA64D07C2662DA110019771D /* AppDelegate.swift */; };
		FA64D07F2662DA110019771D /* SceneDelegate.swift in Sources */ = {isa = PBXBuildFile; fileRef = FA64D07E2662DA110019771D /* SceneDelegate.swift */; };
		FA64D0812662DA110019771D /* ViewController.swift in Sources */ = {isa = PBXBuildFile; fileRef = FA64D0802662DA110019771D /* ViewController.swift */; };
		FA64D0842662DA110019771D /* Main.storyboard in Resources */ = {isa = PBXBuildFile; fileRef = FA64D0822662DA110019771D /* Main.storyboard */; };
		FA64D0862662DA120019771D /* Assets.xcassets in Resources */ = {isa = PBXBuildFile; fileRef = FA64D0852662DA120019771D /* Assets.xcassets */; };
		FA64D0892662DA120019771D /* LaunchScreen.storyboard in Resources */ = {isa = PBXBuildFile; fileRef = FA64D0872662DA120019771D /* LaunchScreen.storyboard */; };
		FA64D0DC266492FA0019771D /* UIColor+HexColor.swift in Sources */ = {isa = PBXBuildFile; fileRef = FA64D0DB266492FA0019771D /* UIColor+HexColor.swift */; };
		FABBEA61269BD9DC00BF52ED /* AddViewController.swift in Sources */ = {isa = PBXBuildFile; fileRef = FABBEA60269BD9DC00BF52ED /* AddViewController.swift */; };
		FABBEA89269F114300BF52ED /* GoogleService-Info.plist in Resources */ = {isa = PBXBuildFile; fileRef = FABBEA88269F114300BF52ED /* GoogleService-Info.plist */; };
		FAF394752693F9DD00F4272D /* ProfileUserViewController.swift in Sources */ = {isa = PBXBuildFile; fileRef = FAF394742693F9DD00F4272D /* ProfileUserViewController.swift */; };
		FFBD092926A3017D00832CF3 /* Roboto-Thin.ttf in Resources */ = {isa = PBXBuildFile; fileRef = FFBD092626A3017C00832CF3 /* Roboto-Thin.ttf */; };
		FFBD092A26A3017D00832CF3 /* Roboto-Regular.ttf in Resources */ = {isa = PBXBuildFile; fileRef = FFBD092726A3017D00832CF3 /* Roboto-Regular.ttf */; };
		FFBD092B26A3017D00832CF3 /* Roboto-Medium.ttf in Resources */ = {isa = PBXBuildFile; fileRef = FFBD092826A3017D00832CF3 /* Roboto-Medium.ttf */; };
/* End PBXBuildFile section */

/* Begin PBXFileReference section */
		19F9298F62A5392A7FC01CB3 /* Pods-TersApp.release.xcconfig */ = {isa = PBXFileReference; includeInIndex = 1; lastKnownFileType = text.xcconfig; name = "Pods-TersApp.release.xcconfig"; path = "Target Support Files/Pods-TersApp/Pods-TersApp.release.xcconfig"; sourceTree = "<group>"; };
		390D1BF0359A2EC32C6D29D9 /* Pods-TersApp.debug.xcconfig */ = {isa = PBXFileReference; includeInIndex = 1; lastKnownFileType = text.xcconfig; name = "Pods-TersApp.debug.xcconfig"; path = "Target Support Files/Pods-TersApp/Pods-TersApp.debug.xcconfig"; sourceTree = "<group>"; };
		966238F1ED3EA3070F05E783 /* libPods-TersApp.a */ = {isa = PBXFileReference; explicitFileType = archive.ar; includeInIndex = 0; path = "libPods-TersApp.a"; sourceTree = BUILT_PRODUCTS_DIR; };
		FA1CD2C726A8672F00F1A618 /* SectionEurekaViewController.xib */ = {isa = PBXFileReference; lastKnownFileType = file.xib; path = SectionEurekaViewController.xib; sourceTree = "<group>"; };
		FA1CD2CC26A9867B00F1A618 /* AddNewUserFormRequest.swift */ = {isa = PBXFileReference; lastKnownFileType = sourcecode.swift; path = AddNewUserFormRequest.swift; sourceTree = "<group>"; };
		FA2C15D3269692BB000A65BA /* DocumentsCollectionViewCell.swift */ = {isa = PBXFileReference; lastKnownFileType = sourcecode.swift; path = DocumentsCollectionViewCell.swift; sourceTree = "<group>"; };
		FA2C15D4269692BB000A65BA /* DocumentsCollectionViewCell.xib */ = {isa = PBXFileReference; lastKnownFileType = file.xib; path = DocumentsCollectionViewCell.xib; sourceTree = "<group>"; };
		FA2C15D726979D55000A65BA /* ContractCollectionViewCell.swift */ = {isa = PBXFileReference; lastKnownFileType = sourcecode.swift; path = ContractCollectionViewCell.swift; sourceTree = "<group>"; };
		FA2C15D826979D55000A65BA /* ContractCollectionViewCell.xib */ = {isa = PBXFileReference; lastKnownFileType = file.xib; path = ContractCollectionViewCell.xib; sourceTree = "<group>"; };
		FA3CCF41268D2B0B00FEA92E /* MenuView.xib */ = {isa = PBXFileReference; lastKnownFileType = file.xib; path = MenuView.xib; sourceTree = "<group>"; };
		FA3CCF4B268D34D600FEA92E /* MenuView.swift */ = {isa = PBXFileReference; lastKnownFileType = sourcecode.swift; path = MenuView.swift; sourceTree = "<group>"; };
		FA3CCF4F268E695A00FEA92E /* SearchHeaderView.swift */ = {isa = PBXFileReference; lastKnownFileType = sourcecode.swift; path = SearchHeaderView.swift; sourceTree = "<group>"; };
		FA3CCF50268E695A00FEA92E /* SearchHeaderView.xib */ = {isa = PBXFileReference; lastKnownFileType = file.xib; path = SearchHeaderView.xib; sourceTree = "<group>"; };
		FA4DB9B4266C345C00651A92 /* Fizicka lica 3x.png */ = {isa = PBXFileReference; lastKnownFileType = image.png; path = "Fizicka lica 3x.png"; sourceTree = "<group>"; };
		FA4DB9B5266C345C00651A92 /* Fizicka lica 2x.png */ = {isa = PBXFileReference; lastKnownFileType = image.png; path = "Fizicka lica 2x.png"; sourceTree = "<group>"; };
		FA4DB9B6266C345C00651A92 /* Kompanije 1x.png */ = {isa = PBXFileReference; lastKnownFileType = image.png; path = "Kompanije 1x.png"; sourceTree = "<group>"; };
		FA4DB9B7266C345C00651A92 /* Kompanije 2x.png */ = {isa = PBXFileReference; lastKnownFileType = image.png; path = "Kompanije 2x.png"; sourceTree = "<group>"; };
		FA4DB9B8266C345C00651A92 /* Fizicka lica 1x.png */ = {isa = PBXFileReference; lastKnownFileType = image.png; path = "Fizicka lica 1x.png"; sourceTree = "<group>"; };
		FA4DB9B9266C345C00651A92 /* Kompanije 3x.png */ = {isa = PBXFileReference; lastKnownFileType = image.png; path = "Kompanije 3x.png"; sourceTree = "<group>"; };
		FA4DB9CE266C565A00651A92 /* NonCompanyUserViewController.swift */ = {isa = PBXFileReference; lastKnownFileType = sourcecode.swift; path = NonCompanyUserViewController.swift; sourceTree = "<group>"; };
		FA4DB9D2267075AC00651A92 /* MainNavigationViewController.swift */ = {isa = PBXFileReference; lastKnownFileType = sourcecode.swift; path = MainNavigationViewController.swift; sourceTree = "<group>"; };
		FA4DB9D42670780800651A92 /* UserCollectionViewCell.swift */ = {isa = PBXFileReference; lastKnownFileType = sourcecode.swift; path = UserCollectionViewCell.swift; sourceTree = "<group>"; };
		FA4DB9D52670780800651A92 /* UserCollectionViewCell.xib */ = {isa = PBXFileReference; lastKnownFileType = file.xib; path = UserCollectionViewCell.xib; sourceTree = "<group>"; };
		FA64D0792662DA110019771D /* TersApp.app */ = {isa = PBXFileReference; explicitFileType = wrapper.application; includeInIndex = 0; path = TersApp.app; sourceTree = BUILT_PRODUCTS_DIR; };
		FA64D07C2662DA110019771D /* AppDelegate.swift */ = {isa = PBXFileReference; lastKnownFileType = sourcecode.swift; path = AppDelegate.swift; sourceTree = "<group>"; };
		FA64D07E2662DA110019771D /* SceneDelegate.swift */ = {isa = PBXFileReference; lastKnownFileType = sourcecode.swift; path = SceneDelegate.swift; sourceTree = "<group>"; };
		FA64D0802662DA110019771D /* ViewController.swift */ = {isa = PBXFileReference; lastKnownFileType = sourcecode.swift; path = ViewController.swift; sourceTree = "<group>"; };
		FA64D0832662DA110019771D /* Base */ = {isa = PBXFileReference; lastKnownFileType = file.storyboard; name = Base; path = Base.lproj/Main.storyboard; sourceTree = "<group>"; };
		FA64D0852662DA120019771D /* Assets.xcassets */ = {isa = PBXFileReference; lastKnownFileType = folder.assetcatalog; path = Assets.xcassets; sourceTree = "<group>"; };
		FA64D0882662DA120019771D /* Base */ = {isa = PBXFileReference; lastKnownFileType = file.storyboard; name = Base; path = Base.lproj/LaunchScreen.storyboard; sourceTree = "<group>"; };
		FA64D08A2662DA120019771D /* Info.plist */ = {isa = PBXFileReference; lastKnownFileType = text.plist.xml; path = Info.plist; sourceTree = "<group>"; };
		FA64D0B72662DF0B0019771D /* Poppins-Black.ttf */ = {isa = PBXFileReference; lastKnownFileType = file; path = "Poppins-Black.ttf"; sourceTree = "<group>"; };
		FA64D0BC2662DFAB0019771D /* Poppins-ExtraBold.ttf */ = {isa = PBXFileReference; lastKnownFileType = file; path = "Poppins-ExtraBold.ttf"; sourceTree = "<group>"; };
		FA64D0BE2662DFAB0019771D /* Poppins-SemiBoldItalic.ttf */ = {isa = PBXFileReference; lastKnownFileType = file; path = "Poppins-SemiBoldItalic.ttf"; sourceTree = "<group>"; };
		FA64D0BF2662DFAB0019771D /* Poppins-ExtraLightItalic.ttf */ = {isa = PBXFileReference; lastKnownFileType = file; path = "Poppins-ExtraLightItalic.ttf"; sourceTree = "<group>"; };
		FA64D0C02662DFAB0019771D /* Poppins-Thin.ttf */ = {isa = PBXFileReference; lastKnownFileType = file; path = "Poppins-Thin.ttf"; sourceTree = "<group>"; };
		FA64D0C12662DFAB0019771D /* Poppins-Regular.ttf */ = {isa = PBXFileReference; lastKnownFileType = file; path = "Poppins-Regular.ttf"; sourceTree = "<group>"; };
		FA64D0C22662DFAC0019771D /* Poppins-Medium.ttf */ = {isa = PBXFileReference; lastKnownFileType = file; path = "Poppins-Medium.ttf"; sourceTree = "<group>"; };
		FA64D0C32662DFAC0019771D /* Poppins-ExtraBoldItalic.ttf */ = {isa = PBXFileReference; lastKnownFileType = file; path = "Poppins-ExtraBoldItalic.ttf"; sourceTree = "<group>"; };
		FA64D0C42662DFAC0019771D /* Poppins-Bold.ttf */ = {isa = PBXFileReference; lastKnownFileType = file; path = "Poppins-Bold.ttf"; sourceTree = "<group>"; };
		FA64D0C52662DFAC0019771D /* Poppins-LightItalic.ttf */ = {isa = PBXFileReference; lastKnownFileType = file; path = "Poppins-LightItalic.ttf"; sourceTree = "<group>"; };
		FA64D0C62662DFAC0019771D /* Poppins-SemiBold.ttf */ = {isa = PBXFileReference; lastKnownFileType = file; path = "Poppins-SemiBold.ttf"; sourceTree = "<group>"; };
		FA64D0C72662DFAC0019771D /* Poppins-Light.ttf */ = {isa = PBXFileReference; lastKnownFileType = file; path = "Poppins-Light.ttf"; sourceTree = "<group>"; };
		FA64D0C82662DFAC0019771D /* Poppins-ExtraLight.ttf */ = {isa = PBXFileReference; lastKnownFileType = file; path = "Poppins-ExtraLight.ttf"; sourceTree = "<group>"; };
		FA64D0C92662DFAC0019771D /* Poppins-Italic.ttf */ = {isa = PBXFileReference; lastKnownFileType = file; path = "Poppins-Italic.ttf"; sourceTree = "<group>"; };
		FA64D0CA2662DFAC0019771D /* Poppins-ThinItalic.ttf */ = {isa = PBXFileReference; lastKnownFileType = file; path = "Poppins-ThinItalic.ttf"; sourceTree = "<group>"; };
		FA64D0CB2662DFAC0019771D /* Poppins-BoldItalic.ttf */ = {isa = PBXFileReference; lastKnownFileType = file; path = "Poppins-BoldItalic.ttf"; sourceTree = "<group>"; };
		FA64D0CC2662DFAC0019771D /* Poppins-BlackItalic.ttf */ = {isa = PBXFileReference; lastKnownFileType = file; path = "Poppins-BlackItalic.ttf"; sourceTree = "<group>"; };
		FA64D0CD2662DFAC0019771D /* Poppins-MediumItalic.ttf */ = {isa = PBXFileReference; lastKnownFileType = file; path = "Poppins-MediumItalic.ttf"; sourceTree = "<group>"; };
		FA64D0DB266492FA0019771D /* UIColor+HexColor.swift */ = {isa = PBXFileReference; lastKnownFileType = sourcecode.swift; path = "UIColor+HexColor.swift"; sourceTree = "<group>"; };
		FABBEA60269BD9DC00BF52ED /* AddViewController.swift */ = {isa = PBXFileReference; lastKnownFileType = sourcecode.swift; path = AddViewController.swift; sourceTree = "<group>"; };
		FABBEA88269F114300BF52ED /* GoogleService-Info.plist */ = {isa = PBXFileReference; fileEncoding = 4; lastKnownFileType = text.plist.xml; path = "GoogleService-Info.plist"; sourceTree = "<group>"; };
		FAF394742693F9DD00F4272D /* ProfileUserViewController.swift */ = {isa = PBXFileReference; lastKnownFileType = sourcecode.swift; path = ProfileUserViewController.swift; sourceTree = "<group>"; };
		FFBD092626A3017C00832CF3 /* Roboto-Thin.ttf */ = {isa = PBXFileReference; lastKnownFileType = file; path = "Roboto-Thin.ttf"; sourceTree = "<group>"; };
		FFBD092726A3017D00832CF3 /* Roboto-Regular.ttf */ = {isa = PBXFileReference; lastKnownFileType = file; path = "Roboto-Regular.ttf"; sourceTree = "<group>"; };
		FFBD092826A3017D00832CF3 /* Roboto-Medium.ttf */ = {isa = PBXFileReference; lastKnownFileType = file; path = "Roboto-Medium.ttf"; sourceTree = "<group>"; };
/* End PBXFileReference section */

/* Begin PBXFrameworksBuildPhase section */
		FA64D0762662DA110019771D /* Frameworks */ = {
			isa = PBXFrameworksBuildPhase;
			buildActionMask = 2147483647;
			files = (
				8AAA6A56D645479E8BE32460 /* libPods-TersApp.a in Frameworks */,
			);
			runOnlyForDeploymentPostprocessing = 0;
		};
/* End PBXFrameworksBuildPhase section */

/* Begin PBXGroup section */
		4F3AA9EEFC3FB71E5788CE7B /* Frameworks */ = {
			isa = PBXGroup;
			children = (
				966238F1ED3EA3070F05E783 /* libPods-TersApp.a */,
			);
			name = Frameworks;
			sourceTree = "<group>";
		};
		B9A01DB758BED7392A7E0BBB /* Pods */ = {
			isa = PBXGroup;
			children = (
				390D1BF0359A2EC32C6D29D9 /* Pods-TersApp.debug.xcconfig */,
				19F9298F62A5392A7FC01CB3 /* Pods-TersApp.release.xcconfig */,
			);
			path = Pods;
			sourceTree = "<group>";
		};
		FA13881826A2CF4C000C5571 /* Controllers */ = {
			isa = PBXGroup;
			children = (
				FABBEA60269BD9DC00BF52ED /* AddViewController.swift */,
				FA4DB9D2267075AC00651A92 /* MainNavigationViewController.swift */,
				FAF394742693F9DD00F4272D /* ProfileUserViewController.swift */,
				FA4DB9CE266C565A00651A92 /* NonCompanyUserViewController.swift */,
				FA64D0802662DA110019771D /* ViewController.swift */,
			);
			path = Controllers;
			sourceTree = "<group>";
		};
		FA13881926A2CFAE000C5571 /* Views */ = {
			isa = PBXGroup;
			children = (
				FA3CCF4F268E695A00FEA92E /* SearchHeaderView.swift */,
				FA3CCF4B268D34D600FEA92E /* MenuView.swift */,
				FA2C15D3269692BB000A65BA /* DocumentsCollectionViewCell.swift */,
				FA2C15D726979D55000A65BA /* ContractCollectionViewCell.swift */,
				FA4DB9D42670780800651A92 /* UserCollectionViewCell.swift */,
			);
			path = Views;
			sourceTree = "<group>";
		};
		FA13881A26A2D012000C5571 /* Xibs */ = {
			isa = PBXGroup;
			children = (
				FA3CCF50268E695A00FEA92E /* SearchHeaderView.xib */,
				FA64D0872662DA120019771D /* LaunchScreen.storyboard */,
				FA64D0822662DA110019771D /* Main.storyboard */,
				FA3CCF41268D2B0B00FEA92E /* MenuView.xib */,
				FA2C15D4269692BB000A65BA /* DocumentsCollectionViewCell.xib */,
				FA4DB9D52670780800651A92 /* UserCollectionViewCell.xib */,
				FA2C15D826979D55000A65BA /* ContractCollectionViewCell.xib */,
				FA1CD2C726A8672F00F1A618 /* SectionEurekaViewController.xib */,
			);
			path = Xibs;
			sourceTree = "<group>";
		};
		FA13881C26A2D057000C5571 /* Models */ = {
			isa = PBXGroup;
			children = (
				FA64D0DB266492FA0019771D /* UIColor+HexColor.swift */,
				FA1CD2CC26A9867B00F1A618 /* AddNewUserFormRequest.swift */,
			);
			path = Models;
			sourceTree = "<group>";
		};
		FA13881D26A2D08C000C5571 /* Config */ = {
			isa = PBXGroup;
			children = (
				FA64D07C2662DA110019771D /* AppDelegate.swift */,
				FA64D07E2662DA110019771D /* SceneDelegate.swift */,
				FABBEA88269F114300BF52ED /* GoogleService-Info.plist */,
			);
			path = Config;
			sourceTree = "<group>";
		};
		FA4DB9B3266C345C00651A92 /* images */ = {
			isa = PBXGroup;
			children = (
				FA4DB9B4266C345C00651A92 /* Fizicka lica 3x.png */,
				FA4DB9B5266C345C00651A92 /* Fizicka lica 2x.png */,
				FA4DB9B6266C345C00651A92 /* Kompanije 1x.png */,
				FA4DB9B7266C345C00651A92 /* Kompanije 2x.png */,
				FA4DB9B8266C345C00651A92 /* Fizicka lica 1x.png */,
				FA4DB9B9266C345C00651A92 /* Kompanije 3x.png */,
			);
			path = images;
			sourceTree = "<group>";
		};
		FA64D0702662DA110019771D = {
			isa = PBXGroup;
			children = (
				FA64D07B2662DA110019771D /* TersApp */,
				FA64D07A2662DA110019771D /* Products */,
				FA64D0B62662DEE60019771D /* fonts */,
				FA4DB9B3266C345C00651A92 /* images */,
				B9A01DB758BED7392A7E0BBB /* Pods */,
				4F3AA9EEFC3FB71E5788CE7B /* Frameworks */,
			);
			sourceTree = "<group>";
		};
		FA64D07A2662DA110019771D /* Products */ = {
			isa = PBXGroup;
			children = (
				FA64D0792662DA110019771D /* TersApp.app */,
			);
			name = Products;
			sourceTree = "<group>";
		};
		FA64D07B2662DA110019771D /* TersApp */ = {
			isa = PBXGroup;
			children = (
				FA13881C26A2D057000C5571 /* Models */,
				FA13881926A2CFAE000C5571 /* Views */,
				FA13881826A2CF4C000C5571 /* Controllers */,
				FA13881A26A2D012000C5571 /* Xibs */,
				FA13881D26A2D08C000C5571 /* Config */,
				FA64D0852662DA120019771D /* Assets.xcassets */,
				FA64D08A2662DA120019771D /* Info.plist */,
			);
			path = TersApp;
			sourceTree = "<group>";
		};
		FA64D0B62662DEE60019771D /* fonts */ = {
			isa = PBXGroup;
			children = (
				FFBD092826A3017D00832CF3 /* Roboto-Medium.ttf */,
				FFBD092726A3017D00832CF3 /* Roboto-Regular.ttf */,
				FFBD092626A3017C00832CF3 /* Roboto-Thin.ttf */,
				FA64D0CC2662DFAC0019771D /* Poppins-BlackItalic.ttf */,
				FA64D0C42662DFAC0019771D /* Poppins-Bold.ttf */,
				FA64D0CB2662DFAC0019771D /* Poppins-BoldItalic.ttf */,
				FA64D0BC2662DFAB0019771D /* Poppins-ExtraBold.ttf */,
				FA64D0C32662DFAC0019771D /* Poppins-ExtraBoldItalic.ttf */,
				FA64D0C82662DFAC0019771D /* Poppins-ExtraLight.ttf */,
				FA64D0BF2662DFAB0019771D /* Poppins-ExtraLightItalic.ttf */,
				FA64D0C92662DFAC0019771D /* Poppins-Italic.ttf */,
				FA64D0C72662DFAC0019771D /* Poppins-Light.ttf */,
				FA64D0C52662DFAC0019771D /* Poppins-LightItalic.ttf */,
				FA64D0C22662DFAC0019771D /* Poppins-Medium.ttf */,
				FA64D0CD2662DFAC0019771D /* Poppins-MediumItalic.ttf */,
				FA64D0C12662DFAB0019771D /* Poppins-Regular.ttf */,
				FA64D0C62662DFAC0019771D /* Poppins-SemiBold.ttf */,
				FA64D0BE2662DFAB0019771D /* Poppins-SemiBoldItalic.ttf */,
				FA64D0C02662DFAB0019771D /* Poppins-Thin.ttf */,
				FA64D0CA2662DFAC0019771D /* Poppins-ThinItalic.ttf */,
				FA64D0B72662DF0B0019771D /* Poppins-Black.ttf */,
			);
			path = fonts;
			sourceTree = "<group>";
		};
/* End PBXGroup section */

/* Begin PBXNativeTarget section */
		FA64D0782662DA110019771D /* TersApp */ = {
			isa = PBXNativeTarget;
			buildConfigurationList = FA64D08D2662DA120019771D /* Build configuration list for PBXNativeTarget "TersApp" */;
			buildPhases = (
				18B508F8C8E211C8F37D1E76 /* [CP] Check Pods Manifest.lock */,
				FA64D0752662DA110019771D /* Sources */,
				FA64D0762662DA110019771D /* Frameworks */,
				FA64D0772662DA110019771D /* Resources */,
				4F70DA8B172B2574F1589CEE /* [CP] Copy Pods Resources */,
			);
			buildRules = (
			);
			dependencies = (
			);
			name = TersApp;
			productName = TersApp;
			productReference = FA64D0792662DA110019771D /* TersApp.app */;
			productType = "com.apple.product-type.application";
		};
/* End PBXNativeTarget section */

/* Begin PBXProject section */
		FA64D0712662DA110019771D /* Project object */ = {
			isa = PBXProject;
			attributes = {
				LastSwiftUpdateCheck = 1240;
				LastUpgradeCheck = 1240;
				TargetAttributes = {
					FA64D0782662DA110019771D = {
						CreatedOnToolsVersion = 12.4;
					};
				};
			};
			buildConfigurationList = FA64D0742662DA110019771D /* Build configuration list for PBXProject "TersApp" */;
			compatibilityVersion = "Xcode 9.3";
			developmentRegion = en;
			hasScannedForEncodings = 0;
			knownRegions = (
				en,
				Base,
			);
			mainGroup = FA64D0702662DA110019771D;
			productRefGroup = FA64D07A2662DA110019771D /* Products */;
			projectDirPath = "";
			projectRoot = "";
			targets = (
				FA64D0782662DA110019771D /* TersApp */,
			);
		};
/* End PBXProject section */

/* Begin PBXResourcesBuildPhase section */
		FA64D0772662DA110019771D /* Resources */ = {
			isa = PBXResourcesBuildPhase;
			buildActionMask = 2147483647;
			files = (
				FFBD092926A3017D00832CF3 /* Roboto-Thin.ttf in Resources */,
				FA2C15DA26979D55000A65BA /* ContractCollectionViewCell.xib in Resources */,
				FA2C15D6269692BB000A65BA /* DocumentsCollectionViewCell.xib in Resources */,
				FA4DB9BD266C345C00651A92 /* Kompanije 2x.png in Resources */,
				FA4DB9BE266C345C00651A92 /* Fizicka lica 1x.png in Resources */,
				FA64D0892662DA120019771D /* LaunchScreen.storyboard in Resources */,
				FA64D0862662DA120019771D /* Assets.xcassets in Resources */,
				FA4DB9BC266C345C00651A92 /* Kompanije 1x.png in Resources */,
				FFBD092B26A3017D00832CF3 /* Roboto-Medium.ttf in Resources */,
				FA3CCF42268D2B0B00FEA92E /* MenuView.xib in Resources */,
				FA64D0842662DA110019771D /* Main.storyboard in Resources */,
				FABBEA89269F114300BF52ED /* GoogleService-Info.plist in Resources */,
				FA4DB9D72670780800651A92 /* UserCollectionViewCell.xib in Resources */,
				FA4DB9BB266C345C00651A92 /* Fizicka lica 2x.png in Resources */,
				FA4DB9BA266C345C00651A92 /* Fizicka lica 3x.png in Resources */,
				FFBD092A26A3017D00832CF3 /* Roboto-Regular.ttf in Resources */,
				FA1CD2C926A8673000F1A618 /* SectionEurekaViewController.xib in Resources */,
				FA4DB9BF266C345C00651A92 /* Kompanije 3x.png in Resources */,
				FA3CCF52268E695A00FEA92E /* SearchHeaderView.xib in Resources */,
			);
			runOnlyForDeploymentPostprocessing = 0;
		};
/* End PBXResourcesBuildPhase section */

/* Begin PBXShellScriptBuildPhase section */
		18B508F8C8E211C8F37D1E76 /* [CP] Check Pods Manifest.lock */ = {
			isa = PBXShellScriptBuildPhase;
			buildActionMask = 2147483647;
			files = (
			);
			inputFileListPaths = (
			);
			inputPaths = (
				"${PODS_PODFILE_DIR_PATH}/Podfile.lock",
				"${PODS_ROOT}/Manifest.lock",
			);
			name = "[CP] Check Pods Manifest.lock";
			outputFileListPaths = (
			);
			outputPaths = (
				"$(DERIVED_FILE_DIR)/Pods-TersApp-checkManifestLockResult.txt",
			);
			runOnlyForDeploymentPostprocessing = 0;
			shellPath = /bin/sh;
			shellScript = "diff \"${PODS_PODFILE_DIR_PATH}/Podfile.lock\" \"${PODS_ROOT}/Manifest.lock\" > /dev/null\nif [ $? != 0 ] ; then\n    # print error to STDERR\n    echo \"error: The sandbox is not in sync with the Podfile.lock. Run 'pod install' or update your CocoaPods installation.\" >&2\n    exit 1\nfi\n# This output is used by Xcode 'outputs' to avoid re-running this script phase.\necho \"SUCCESS\" > \"${SCRIPT_OUTPUT_FILE_0}\"\n";
			showEnvVarsInLog = 0;
		};
		4F70DA8B172B2574F1589CEE /* [CP] Copy Pods Resources */ = {
			isa = PBXShellScriptBuildPhase;
			buildActionMask = 2147483647;
			files = (
			);
			inputFileListPaths = (
				"${PODS_ROOT}/Target Support Files/Pods-TersApp/Pods-TersApp-resources-${CONFIGURATION}-input-files.xcfilelist",
			);
			name = "[CP] Copy Pods Resources";
			outputFileListPaths = (
				"${PODS_ROOT}/Target Support Files/Pods-TersApp/Pods-TersApp-resources-${CONFIGURATION}-output-files.xcfilelist",
			);
			runOnlyForDeploymentPostprocessing = 0;
			shellPath = /bin/sh;
			shellScript = "\"${PODS_ROOT}/Target Support Files/Pods-TersApp/Pods-TersApp-resources.sh\"\n";
			showEnvVarsInLog = 0;
		};
/* End PBXShellScriptBuildPhase section */

/* Begin PBXSourcesBuildPhase section */
		FA64D0752662DA110019771D /* Sources */ = {
			isa = PBXSourcesBuildPhase;
			buildActionMask = 2147483647;
			files = (
				FA4DB9D3267075AC00651A92 /* MainNavigationViewController.swift in Sources */,
				FA3CCF4C268D34D600FEA92E /* MenuView.swift in Sources */,
				FA4DB9CF266C565A00651A92 /* NonCompanyUserViewController.swift in Sources */,
				FA1CD2CD26A9867C00F1A618 /* AddNewUserFormRequest.swift in Sources */,
				FA64D0812662DA110019771D /* ViewController.swift in Sources */,
				FA2C15D926979D55000A65BA /* ContractCollectionViewCell.swift in Sources */,
				FA64D0DC266492FA0019771D /* UIColor+HexColor.swift in Sources */,
				FA64D07D2662DA110019771D /* AppDelegate.swift in Sources */,
				FA2C15D5269692BB000A65BA /* DocumentsCollectionViewCell.swift in Sources */,
				FA4DB9D62670780800651A92 /* UserCollectionViewCell.swift in Sources */,
				FAF394752693F9DD00F4272D /* ProfileUserViewController.swift in Sources */,
				FA64D07F2662DA110019771D /* SceneDelegate.swift in Sources */,
				FABBEA61269BD9DC00BF52ED /* AddViewController.swift in Sources */,
				FA3CCF51268E695A00FEA92E /* SearchHeaderView.swift in Sources */,
			);
			runOnlyForDeploymentPostprocessing = 0;
		};
/* End PBXSourcesBuildPhase section */

/* Begin PBXVariantGroup section */
		FA64D0822662DA110019771D /* Main.storyboard */ = {
			isa = PBXVariantGroup;
			children = (
				FA64D0832662DA110019771D /* Base */,
			);
			name = Main.storyboard;
			sourceTree = "<group>";
		};
		FA64D0872662DA120019771D /* LaunchScreen.storyboard */ = {
			isa = PBXVariantGroup;
			children = (
				FA64D0882662DA120019771D /* Base */,
			);
			name = LaunchScreen.storyboard;
			sourceTree = "<group>";
		};
/* End PBXVariantGroup section */

/* Begin XCBuildConfiguration section */
		FA64D08B2662DA120019771D /* Debug */ = {
			isa = XCBuildConfiguration;
			buildSettings = {
				ALWAYS_SEARCH_USER_PATHS = NO;
				CLANG_ANALYZER_NONNULL = YES;
				CLANG_ANALYZER_NUMBER_OBJECT_CONVERSION = YES_AGGRESSIVE;
				CLANG_CXX_LANGUAGE_STANDARD = "gnu++14";
				CLANG_CXX_LIBRARY = "libc++";
				CLANG_ENABLE_MODULES = YES;
				CLANG_ENABLE_OBJC_ARC = YES;
				CLANG_ENABLE_OBJC_WEAK = YES;
				CLANG_WARN_BLOCK_CAPTURE_AUTORELEASING = YES;
				CLANG_WARN_BOOL_CONVERSION = YES;
				CLANG_WARN_COMMA = YES;
				CLANG_WARN_CONSTANT_CONVERSION = YES;
				CLANG_WARN_DEPRECATED_OBJC_IMPLEMENTATIONS = YES;
				CLANG_WARN_DIRECT_OBJC_ISA_USAGE = YES_ERROR;
				CLANG_WARN_DOCUMENTATION_COMMENTS = YES;
				CLANG_WARN_EMPTY_BODY = YES;
				CLANG_WARN_ENUM_CONVERSION = YES;
				CLANG_WARN_INFINITE_RECURSION = YES;
				CLANG_WARN_INT_CONVERSION = YES;
				CLANG_WARN_NON_LITERAL_NULL_CONVERSION = YES;
				CLANG_WARN_OBJC_IMPLICIT_RETAIN_SELF = YES;
				CLANG_WARN_OBJC_LITERAL_CONVERSION = YES;
				CLANG_WARN_OBJC_ROOT_CLASS = YES_ERROR;
				CLANG_WARN_QUOTED_INCLUDE_IN_FRAMEWORK_HEADER = YES;
				CLANG_WARN_RANGE_LOOP_ANALYSIS = YES;
				CLANG_WARN_STRICT_PROTOTYPES = YES;
				CLANG_WARN_SUSPICIOUS_MOVE = YES;
				CLANG_WARN_UNGUARDED_AVAILABILITY = YES_AGGRESSIVE;
				CLANG_WARN_UNREACHABLE_CODE = YES;
				CLANG_WARN__DUPLICATE_METHOD_MATCH = YES;
				COPY_PHASE_STRIP = NO;
				DEBUG_INFORMATION_FORMAT = dwarf;
				ENABLE_STRICT_OBJC_MSGSEND = YES;
				ENABLE_TESTABILITY = YES;
				GCC_C_LANGUAGE_STANDARD = gnu11;
				GCC_DYNAMIC_NO_PIC = NO;
				GCC_NO_COMMON_BLOCKS = YES;
				GCC_OPTIMIZATION_LEVEL = 0;
				GCC_PREPROCESSOR_DEFINITIONS = (
					"DEBUG=1",
					"$(inherited)",
				);
				GCC_WARN_64_TO_32_BIT_CONVERSION = YES;
				GCC_WARN_ABOUT_RETURN_TYPE = YES_ERROR;
				GCC_WARN_UNDECLARED_SELECTOR = YES;
				GCC_WARN_UNINITIALIZED_AUTOS = YES_AGGRESSIVE;
				GCC_WARN_UNUSED_FUNCTION = YES;
				GCC_WARN_UNUSED_VARIABLE = YES;
				IPHONEOS_DEPLOYMENT_TARGET = 13.0;
				MTL_ENABLE_DEBUG_INFO = INCLUDE_SOURCE;
				MTL_FAST_MATH = YES;
				ONLY_ACTIVE_ARCH = YES;
				SDKROOT = iphoneos;
				SWIFT_ACTIVE_COMPILATION_CONDITIONS = DEBUG;
				SWIFT_OPTIMIZATION_LEVEL = "-Onone";
			};
			name = Debug;
		};
		FA64D08C2662DA120019771D /* Release */ = {
			isa = XCBuildConfiguration;
			buildSettings = {
				ALWAYS_SEARCH_USER_PATHS = NO;
				CLANG_ANALYZER_NONNULL = YES;
				CLANG_ANALYZER_NUMBER_OBJECT_CONVERSION = YES_AGGRESSIVE;
				CLANG_CXX_LANGUAGE_STANDARD = "gnu++14";
				CLANG_CXX_LIBRARY = "libc++";
				CLANG_ENABLE_MODULES = YES;
				CLANG_ENABLE_OBJC_ARC = YES;
				CLANG_ENABLE_OBJC_WEAK = YES;
				CLANG_WARN_BLOCK_CAPTURE_AUTORELEASING = YES;
				CLANG_WARN_BOOL_CONVERSION = YES;
				CLANG_WARN_COMMA = YES;
				CLANG_WARN_CONSTANT_CONVERSION = YES;
				CLANG_WARN_DEPRECATED_OBJC_IMPLEMENTATIONS = YES;
				CLANG_WARN_DIRECT_OBJC_ISA_USAGE = YES_ERROR;
				CLANG_WARN_DOCUMENTATION_COMMENTS = YES;
				CLANG_WARN_EMPTY_BODY = YES;
				CLANG_WARN_ENUM_CONVERSION = YES;
				CLANG_WARN_INFINITE_RECURSION = YES;
				CLANG_WARN_INT_CONVERSION = YES;
				CLANG_WARN_NON_LITERAL_NULL_CONVERSION = YES;
				CLANG_WARN_OBJC_IMPLICIT_RETAIN_SELF = YES;
				CLANG_WARN_OBJC_LITERAL_CONVERSION = YES;
				CLANG_WARN_OBJC_ROOT_CLASS = YES_ERROR;
				CLANG_WARN_QUOTED_INCLUDE_IN_FRAMEWORK_HEADER = YES;
				CLANG_WARN_RANGE_LOOP_ANALYSIS = YES;
				CLANG_WARN_STRICT_PROTOTYPES = YES;
				CLANG_WARN_SUSPICIOUS_MOVE = YES;
				CLANG_WARN_UNGUARDED_AVAILABILITY = YES_AGGRESSIVE;
				CLANG_WARN_UNREACHABLE_CODE = YES;
				CLANG_WARN__DUPLICATE_METHOD_MATCH = YES;
				COPY_PHASE_STRIP = NO;
				DEBUG_INFORMATION_FORMAT = "dwarf-with-dsym";
				ENABLE_NS_ASSERTIONS = NO;
				ENABLE_STRICT_OBJC_MSGSEND = YES;
				GCC_C_LANGUAGE_STANDARD = gnu11;
				GCC_NO_COMMON_BLOCKS = YES;
				GCC_WARN_64_TO_32_BIT_CONVERSION = YES;
				GCC_WARN_ABOUT_RETURN_TYPE = YES_ERROR;
				GCC_WARN_UNDECLARED_SELECTOR = YES;
				GCC_WARN_UNINITIALIZED_AUTOS = YES_AGGRESSIVE;
				GCC_WARN_UNUSED_FUNCTION = YES;
				GCC_WARN_UNUSED_VARIABLE = YES;
				IPHONEOS_DEPLOYMENT_TARGET = 13.0;
				MTL_ENABLE_DEBUG_INFO = NO;
				MTL_FAST_MATH = YES;
				SDKROOT = iphoneos;
				SWIFT_COMPILATION_MODE = wholemodule;
				SWIFT_OPTIMIZATION_LEVEL = "-O";
				VALIDATE_PRODUCT = YES;
			};
			name = Release;
		};
		FA64D08E2662DA120019771D /* Debug */ = {
			isa = XCBuildConfiguration;
			baseConfigurationReference = 390D1BF0359A2EC32C6D29D9 /* Pods-TersApp.debug.xcconfig */;
			buildSettings = {
				ASSETCATALOG_COMPILER_APPICON_NAME = AppIcon;
				ASSETCATALOG_COMPILER_GLOBAL_ACCENT_COLOR_NAME = AccentColor;
				CODE_SIGN_IDENTITY = "iPhone Developer";
				CODE_SIGN_STYLE = Automatic;
				DEVELOPMENT_TEAM = BURUYS8MLQ;
				INFOPLIST_FILE = TersApp/Info.plist;
				IPHONEOS_DEPLOYMENT_TARGET = 13.0;
				LD_RUNPATH_SEARCH_PATHS = (
					"$(inherited)",
					"@executable_path/Frameworks",
				);
				PRODUCT_BUNDLE_IDENTIFIER = tershouse.TersApp;
				PRODUCT_NAME = "$(TARGET_NAME)";
				PROVISIONING_PROFILE_SPECIFIER = "";
				SWIFT_VERSION = 5.0;
				TARGETED_DEVICE_FAMILY = 2;
			};
			name = Debug;
		};
		FA64D08F2662DA120019771D /* Release */ = {
			isa = XCBuildConfiguration;
			baseConfigurationReference = 19F9298F62A5392A7FC01CB3 /* Pods-TersApp.release.xcconfig */;
			buildSettings = {
				ASSETCATALOG_COMPILER_APPICON_NAME = AppIcon;
				ASSETCATALOG_COMPILER_GLOBAL_ACCENT_COLOR_NAME = AccentColor;
				CODE_SIGN_IDENTITY = "iPhone Developer";
				CODE_SIGN_STYLE = Automatic;
				DEVELOPMENT_TEAM = BURUYS8MLQ;
				INFOPLIST_FILE = TersApp/Info.plist;
				IPHONEOS_DEPLOYMENT_TARGET = 13.0;
				LD_RUNPATH_SEARCH_PATHS = (
					"$(inherited)",
					"@executable_path/Frameworks",
				);
				PRODUCT_BUNDLE_IDENTIFIER = tershouse.TersApp;
				PRODUCT_NAME = "$(TARGET_NAME)";
				PROVISIONING_PROFILE_SPECIFIER = "";
				SWIFT_VERSION = 5.0;
				TARGETED_DEVICE_FAMILY = 2;
			};
			name = Release;
		};
/* End XCBuildConfiguration section */

/* Begin XCConfigurationList section */
		FA64D0742662DA110019771D /* Build configuration list for PBXProject "TersApp" */ = {
			isa = XCConfigurationList;
			buildConfigurations = (
				FA64D08B2662DA120019771D /* Debug */,
				FA64D08C2662DA120019771D /* Release */,
			);
			defaultConfigurationIsVisible = 0;
			defaultConfigurationName = Release;
		};
		FA64D08D2662DA120019771D /* Build configuration list for PBXNativeTarget "TersApp" */ = {
			isa = XCConfigurationList;
			buildConfigurations = (
				FA64D08E2662DA120019771D /* Debug */,
				FA64D08F2662DA120019771D /* Release */,
			);
			defaultConfigurationIsVisible = 0;
			defaultConfigurationName = Release;
		};
/* End XCConfigurationList section */
	};
	rootObject = FA64D0712662DA110019771D /* Project object */;
}
